// !$*UTF8*$!
{
	archiveVersion = 1;
	classes = {
	};
	objectVersion = 56;
	objects = {

/* Begin PBXBuildFile section */
		C39A8C592A3586F000F9E9D0 /* AppDelegate.swift in Sources */ = {isa = PBXBuildFile; fileRef = C39A8C582A3586F000F9E9D0 /* AppDelegate.swift */; };
		C39A8C5B2A3586F000F9E9D0 /* SceneDelegate.swift in Sources */ = {isa = PBXBuildFile; fileRef = C39A8C5A2A3586F000F9E9D0 /* SceneDelegate.swift */; };
		C39A8C5D2A3586F000F9E9D0 /* ViewController.swift in Sources */ = {isa = PBXBuildFile; fileRef = C39A8C5C2A3586F000F9E9D0 /* ViewController.swift */; };
		C39A8C602A3586F000F9E9D0 /* Main.storyboard in Resources */ = {isa = PBXBuildFile; fileRef = C39A8C5E2A3586F000F9E9D0 /* Main.storyboard */; };
		C39A8C622A3586F200F9E9D0 /* Assets.xcassets in Resources */ = {isa = PBXBuildFile; fileRef = C39A8C612A3586F200F9E9D0 /* Assets.xcassets */; };
		C39A8C652A3586F200F9E9D0 /* LaunchScreen.storyboard in Resources */ = {isa = PBXBuildFile; fileRef = C39A8C632A3586F200F9E9D0 /* LaunchScreen.storyboard */; };
		C39A8C702A3586F300F9E9D0 /* Egg_TimerTests.swift in Sources */ = {isa = PBXBuildFile; fileRef = C39A8C6F2A3586F300F9E9D0 /* Egg_TimerTests.swift */; };
		C39A8C7A2A3586F300F9E9D0 /* Egg_TimerUITests.swift in Sources */ = {isa = PBXBuildFile; fileRef = C39A8C792A3586F300F9E9D0 /* Egg_TimerUITests.swift */; };
		C39A8C7C2A3586F300F9E9D0 /* Egg_TimerUITestsLaunchTests.swift in Sources */ = {isa = PBXBuildFile; fileRef = C39A8C7B2A3586F300F9E9D0 /* Egg_TimerUITestsLaunchTests.swift */; };
		C3CAAC332A35CA9A00A86559 /* F.wav in Resources */ = {isa = PBXBuildFile; fileRef = C3CAAC322A35CA9A00A86559 /* F.wav */; };
/* End PBXBuildFile section */

/* Begin PBXContainerItemProxy section */
		C39A8C6C2A3586F300F9E9D0 /* PBXContainerItemProxy */ = {
			isa = PBXContainerItemProxy;
			containerPortal = C39A8C4D2A3586F000F9E9D0 /* Project object */;
			proxyType = 1;
			remoteGlobalIDString = C39A8C542A3586F000F9E9D0;
			remoteInfo = "Egg Timer";
		};
		C39A8C762A3586F300F9E9D0 /* PBXContainerItemProxy */ = {
			isa = PBXContainerItemProxy;
			containerPortal = C39A8C4D2A3586F000F9E9D0 /* Project object */;
			proxyType = 1;
			remoteGlobalIDString = C39A8C542A3586F000F9E9D0;
			remoteInfo = "Egg Timer";
		};
/* End PBXContainerItemProxy section */

/* Begin PBXFileReference section */
		C39A8C552A3586F000F9E9D0 /* Egg Timer.app */ = {isa = PBXFileReference; explicitFileType = wrapper.application; includeInIndex = 0; path = "Egg Timer.app"; sourceTree = BUILT_PRODUCTS_DIR; };
		C39A8C582A3586F000F9E9D0 /* AppDelegate.swift */ = {isa = PBXFileReference; lastKnownFileType = sourcecode.swift; path = AppDelegate.swift; sourceTree = "<group>"; };
		C39A8C5A2A3586F000F9E9D0 /* SceneDelegate.swift */ = {isa = PBXFileReference; lastKnownFileType = sourcecode.swift; path = SceneDelegate.swift; sourceTree = "<group>"; };
		C39A8C5C2A3586F000F9E9D0 /* ViewController.swift */ = {isa = PBXFileReference; lastKnownFileType = sourcecode.swift; path = ViewController.swift; sourceTree = "<group>"; };
		C39A8C5F2A3586F000F9E9D0 /* Base */ = {isa = PBXFileReference; lastKnownFileType = file.storyboard; name = Base; path = Base.lproj/Main.storyboard; sourceTree = "<group>"; };
		C39A8C612A3586F200F9E9D0 /* Assets.xcassets */ = {isa = PBXFileReference; lastKnownFileType = folder.assetcatalog; path = Assets.xcassets; sourceTree = "<group>"; };
		C39A8C642A3586F200F9E9D0 /* Base */ = {isa = PBXFileReference; lastKnownFileType = file.storyboard; name = Base; path = Base.lproj/LaunchScreen.storyboard; sourceTree = "<group>"; };
		C39A8C662A3586F200F9E9D0 /* Info.plist */ = {isa = PBXFileReference; lastKnownFileType = text.plist.xml; path = Info.plist; sourceTree = "<group>"; };
		C39A8C6B2A3586F300F9E9D0 /* Egg TimerTests.xctest */ = {isa = PBXFileReference; explicitFileType = wrapper.cfbundle; includeInIndex = 0; path = "Egg TimerTests.xctest"; sourceTree = BUILT_PRODUCTS_DIR; };
		C39A8C6F2A3586F300F9E9D0 /* Egg_TimerTests.swift */ = {isa = PBXFileReference; lastKnownFileType = sourcecode.swift; path = Egg_TimerTests.swift; sourceTree = "<group>"; };
		C39A8C752A3586F300F9E9D0 /* Egg TimerUITests.xctest */ = {isa = PBXFileReference; explicitFileType = wrapper.cfbundle; includeInIndex = 0; path = "Egg TimerUITests.xctest"; sourceTree = BUILT_PRODUCTS_DIR; };
		C39A8C792A3586F300F9E9D0 /* Egg_TimerUITests.swift */ = {isa = PBXFileReference; lastKnownFileType = sourcecode.swift; path = Egg_TimerUITests.swift; sourceTree = "<group>"; };
		C39A8C7B2A3586F300F9E9D0 /* Egg_TimerUITestsLaunchTests.swift */ = {isa = PBXFileReference; lastKnownFileType = sourcecode.swift; path = Egg_TimerUITestsLaunchTests.swift; sourceTree = "<group>"; };
		C3CAAC322A35CA9A00A86559 /* F.wav */ = {isa = PBXFileReference; lastKnownFileType = audio.wav; name = F.wav; path = ../../../../../Downloads/F.wav; sourceTree = "<group>"; };
/* End PBXFileReference section */

/* Begin PBXFrameworksBuildPhase section */
		C39A8C522A3586F000F9E9D0 /* Frameworks */ = {
			isa = PBXFrameworksBuildPhase;
			buildActionMask = 2147483647;
			files = (
			);
			runOnlyForDeploymentPostprocessing = 0;
		};
		C39A8C682A3586F300F9E9D0 /* Frameworks */ = {
			isa = PBXFrameworksBuildPhase;
			buildActionMask = 2147483647;
			files = (
			);
			runOnlyForDeploymentPostprocessing = 0;
		};
		C39A8C722A3586F300F9E9D0 /* Frameworks */ = {
			isa = PBXFrameworksBuildPhase;
			buildActionMask = 2147483647;
			files = (
			);
			runOnlyForDeploymentPostprocessing = 0;
		};
/* End PBXFrameworksBuildPhase section */

/* Begin PBXGroup section */
		C39A8C4C2A3586F000F9E9D0 = {
			isa = PBXGroup;
			children = (
				C39A8C572A3586F000F9E9D0 /* Egg Timer */,
				C39A8C6E2A3586F300F9E9D0 /* Egg TimerTests */,
				C39A8C782A3586F300F9E9D0 /* Egg TimerUITests */,
				C39A8C562A3586F000F9E9D0 /* Products */,
			);
			sourceTree = "<group>";
		};
		C39A8C562A3586F000F9E9D0 /* Products */ = {
			isa = PBXGroup;
			children = (
				C39A8C552A3586F000F9E9D0 /* Egg Timer.app */,
				C39A8C6B2A3586F300F9E9D0 /* Egg TimerTests.xctest */,
				C39A8C752A3586F300F9E9D0 /* Egg TimerUITests.xctest */,
			);
			name = Products;
			sourceTree = "<group>";
		};
		C39A8C572A3586F000F9E9D0 /* Egg Timer */ = {
			isa = PBXGroup;
			children = (
				C3CAAC312A35CA6100A86559 /* Sounds */,
				C39A8C582A3586F000F9E9D0 /* AppDelegate.swift */,
				C39A8C5A2A3586F000F9E9D0 /* SceneDelegate.swift */,
				C39A8C5C2A3586F000F9E9D0 /* ViewController.swift */,
				C39A8C5E2A3586F000F9E9D0 /* Main.storyboard */,
				C39A8C612A3586F200F9E9D0 /* Assets.xcassets */,
				C39A8C632A3586F200F9E9D0 /* LaunchScreen.storyboard */,
				C39A8C662A3586F200F9E9D0 /* Info.plist */,
			);
			path = "Egg Timer";
			sourceTree = "<group>";
		};
		C39A8C6E2A3586F300F9E9D0 /* Egg TimerTests */ = {
			isa = PBXGroup;
			children = (
				C39A8C6F2A3586F300F9E9D0 /* Egg_TimerTests.swift */,
			);
			path = "Egg TimerTests";
			sourceTree = "<group>";
		};
		C39A8C782A3586F300F9E9D0 /* Egg TimerUITests */ = {
			isa = PBXGroup;
			children = (
				C39A8C792A3586F300F9E9D0 /* Egg_TimerUITests.swift */,
				C39A8C7B2A3586F300F9E9D0 /* Egg_TimerUITestsLaunchTests.swift */,
			);
			path = "Egg TimerUITests";
			sourceTree = "<group>";
		};
		C3CAAC312A35CA6100A86559 /* Sounds */ = {
			isa = PBXGroup;
			children = (
				C3CAAC322A35CA9A00A86559 /* F.wav */,
			);
			path = Sounds;
			sourceTree = "<group>";
		};
/* End PBXGroup section */

/* Begin PBXNativeTarget section */
		C39A8C542A3586F000F9E9D0 /* Egg Timer */ = {
			isa = PBXNativeTarget;
			buildConfigurationList = C39A8C7F2A3586F300F9E9D0 /* Build configuration list for PBXNativeTarget "Egg Timer" */;
			buildPhases = (
				C39A8C512A3586F000F9E9D0 /* Sources */,
				C39A8C522A3586F000F9E9D0 /* Frameworks */,
				C39A8C532A3586F000F9E9D0 /* Resources */,
			);
			buildRules = (
			);
			dependencies = (
			);
			name = "Egg Timer";
			productName = "Egg Timer";
			productReference = C39A8C552A3586F000F9E9D0 /* Egg Timer.app */;
			productType = "com.apple.product-type.application";
		};
		C39A8C6A2A3586F300F9E9D0 /* Egg TimerTests */ = {
			isa = PBXNativeTarget;
			buildConfigurationList = C39A8C822A3586F300F9E9D0 /* Build configuration list for PBXNativeTarget "Egg TimerTests" */;
			buildPhases = (
				C39A8C672A3586F300F9E9D0 /* Sources */,
				C39A8C682A3586F300F9E9D0 /* Frameworks */,
				C39A8C692A3586F300F9E9D0 /* Resources */,
			);
			buildRules = (
			);
			dependencies = (
				C39A8C6D2A3586F300F9E9D0 /* PBXTargetDependency */,
			);
			name = "Egg TimerTests";
			productName = "Egg TimerTests";
			productReference = C39A8C6B2A3586F300F9E9D0 /* Egg TimerTests.xctest */;
			productType = "com.apple.product-type.bundle.unit-test";
		};
		C39A8C742A3586F300F9E9D0 /* Egg TimerUITests */ = {
			isa = PBXNativeTarget;
			buildConfigurationList = C39A8C852A3586F300F9E9D0 /* Build configuration list for PBXNativeTarget "Egg TimerUITests" */;
			buildPhases = (
				C39A8C712A3586F300F9E9D0 /* Sources */,
				C39A8C722A3586F300F9E9D0 /* Frameworks */,
				C39A8C732A3586F300F9E9D0 /* Resources */,
			);
			buildRules = (
			);
			dependencies = (
				C39A8C772A3586F300F9E9D0 /* PBXTargetDependency */,
			);
			name = "Egg TimerUITests";
			productName = "Egg TimerUITests";
			productReference = C39A8C752A3586F300F9E9D0 /* Egg TimerUITests.xctest */;
			productType = "com.apple.product-type.bundle.ui-testing";
		};
/* End PBXNativeTarget section */

/* Begin PBXProject section */
		C39A8C4D2A3586F000F9E9D0 /* Project object */ = {
			isa = PBXProject;
			attributes = {
				BuildIndependentTargetsInParallel = 1;
				LastSwiftUpdateCheck = 1430;
				LastUpgradeCheck = 1430;
				TargetAttributes = {
					C39A8C542A3586F000F9E9D0 = {
						CreatedOnToolsVersion = 14.3;
					};
					C39A8C6A2A3586F300F9E9D0 = {
						CreatedOnToolsVersion = 14.3;
						TestTargetID = C39A8C542A3586F000F9E9D0;
					};
					C39A8C742A3586F300F9E9D0 = {
						CreatedOnToolsVersion = 14.3;
						TestTargetID = C39A8C542A3586F000F9E9D0;
					};
				};
			};
			buildConfigurationList = C39A8C502A3586F000F9E9D0 /* Build configuration list for PBXProject "Egg Timer" */;
			compatibilityVersion = "Xcode 14.0";
			developmentRegion = en;
			hasScannedForEncodings = 0;
			knownRegions = (
				en,
				Base,
			);
			mainGroup = C39A8C4C2A3586F000F9E9D0;
			productRefGroup = C39A8C562A3586F000F9E9D0 /* Products */;
			projectDirPath = "";
			projectRoot = "";
			targets = (
				C39A8C542A3586F000F9E9D0 /* Egg Timer */,
				C39A8C6A2A3586F300F9E9D0 /* Egg TimerTests */,
				C39A8C742A3586F300F9E9D0 /* Egg TimerUITests */,
			);
		};
/* End PBXProject section */

/* Begin PBXResourcesBuildPhase section */
		C39A8C532A3586F000F9E9D0 /* Resources */ = {
			isa = PBXResourcesBuildPhase;
			buildActionMask = 2147483647;
			files = (
				C39A8C652A3586F200F9E9D0 /* LaunchScreen.storyboard in Resources */,
				C39A8C622A3586F200F9E9D0 /* Assets.xcassets in Resources */,
				C39A8C602A3586F000F9E9D0 /* Main.storyboard in Resources */,
				C3CAAC332A35CA9A00A86559 /* F.wav in Resources */,
			);
			runOnlyForDeploymentPostprocessing = 0;
		};
		C39A8C692A3586F300F9E9D0 /* Resources */ = {
			isa = PBXResourcesBuildPhase;
			buildActionMask = 2147483647;
			files = (
			);
			runOnlyForDeploymentPostprocessing = 0;
		};
		C39A8C732A3586F300F9E9D0 /* Resources */ = {
			isa = PBXResourcesBuildPhase;
			buildActionMask = 2147483647;
			files = (
			);
			runOnlyForDeploymentPostprocessing = 0;
		};
/* End PBXResourcesBuildPhase section */

/* Begin PBXSourcesBuildPhase section */
		C39A8C512A3586F000F9E9D0 /* Sources */ = {
			isa = PBXSourcesBuildPhase;
			buildActionMask = 2147483647;
			files = (
				C39A8C5D2A3586F000F9E9D0 /* ViewController.swift in Sources */,
				C39A8C592A3586F000F9E9D0 /* AppDelegate.swift in Sources */,
				C39A8C5B2A3586F000F9E9D0 /* SceneDelegate.swift in Sources */,
			);
			runOnlyForDeploymentPostprocessing = 0;
		};
		C39A8C672A3586F300F9E9D0 /* Sources */ = {
			isa = PBXSourcesBuildPhase;
			buildActionMask = 2147483647;
			files = (
				C39A8C702A3586F300F9E9D0 /* Egg_TimerTests.swift in Sources */,
			);
			runOnlyForDeploymentPostprocessing = 0;
		};
		C39A8C712A3586F300F9E9D0 /* Sources */ = {
			isa = PBXSourcesBuildPhase;
			buildActionMask = 2147483647;
			files = (
				C39A8C7C2A3586F300F9E9D0 /* Egg_TimerUITestsLaunchTests.swift in Sources */,
				C39A8C7A2A3586F300F9E9D0 /* Egg_TimerUITests.swift in Sources */,
			);
			runOnlyForDeploymentPostprocessing = 0;
		};
/* End PBXSourcesBuildPhase section */

/* Begin PBXTargetDependency section */
		C39A8C6D2A3586F300F9E9D0 /* PBXTargetDependency */ = {
			isa = PBXTargetDependency;
			target = C39A8C542A3586F000F9E9D0 /* Egg Timer */;
			targetProxy = C39A8C6C2A3586F300F9E9D0 /* PBXContainerItemProxy */;
		};
		C39A8C772A3586F300F9E9D0 /* PBXTargetDependency */ = {
			isa = PBXTargetDependency;
			target = C39A8C542A3586F000F9E9D0 /* Egg Timer */;
			targetProxy = C39A8C762A3586F300F9E9D0 /* PBXContainerItemProxy */;
		};
/* End PBXTargetDependency section */

/* Begin PBXVariantGroup section */
		C39A8C5E2A3586F000F9E9D0 /* Main.storyboard */ = {
			isa = PBXVariantGroup;
			children = (
				C39A8C5F2A3586F000F9E9D0 /* Base */,
			);
			name = Main.storyboard;
			sourceTree = "<group>";
		};
		C39A8C632A3586F200F9E9D0 /* LaunchScreen.storyboard */ = {
			isa = PBXVariantGroup;
			children = (
				C39A8C642A3586F200F9E9D0 /* Base */,
			);
			name = LaunchScreen.storyboard;
			sourceTree = "<group>";
		};
/* End PBXVariantGroup section */

/* Begin XCBuildConfiguration section */
		C39A8C7D2A3586F300F9E9D0 /* Debug */ = {
			isa = XCBuildConfiguration;
			buildSettings = {
				ALWAYS_SEARCH_USER_PATHS = NO;
				CLANG_ANALYZER_NONNULL = YES;
				CLANG_ANALYZER_NUMBER_OBJECT_CONVERSION = YES_AGGRESSIVE;
				CLANG_CXX_LANGUAGE_STANDARD = "gnu++20";
				CLANG_ENABLE_MODULES = YES;
				CLANG_ENABLE_OBJC_ARC = YES;
				CLANG_ENABLE_OBJC_WEAK = YES;
				CLANG_WARN_BLOCK_CAPTURE_AUTORELEASING = YES;
				CLANG_WARN_BOOL_CONVERSION = YES;
				CLANG_WARN_COMMA = YES;
				CLANG_WARN_CONSTANT_CONVERSION = YES;
				CLANG_WARN_DEPRECATED_OBJC_IMPLEMENTATIONS = YES;
				CLANG_WARN_DIRECT_OBJC_ISA_USAGE = YES_ERROR;
				CLANG_WARN_DOCUMENTATION_COMMENTS = YES;
				CLANG_WARN_EMPTY_BODY = YES;
				CLANG_WARN_ENUM_CONVERSION = YES;
				CLANG_WARN_INFINITE_RECURSION = YES;
				CLANG_WARN_INT_CONVERSION = YES;
				CLANG_WARN_NON_LITERAL_NULL_CONVERSION = YES;
				CLANG_WARN_OBJC_IMPLICIT_RETAIN_SELF = YES;
				CLANG_WARN_OBJC_LITERAL_CONVERSION = YES;
				CLANG_WARN_OBJC_ROOT_CLASS = YES_ERROR;
				CLANG_WARN_QUOTED_INCLUDE_IN_FRAMEWORK_HEADER = YES;
				CLANG_WARN_RANGE_LOOP_ANALYSIS = YES;
				CLANG_WARN_STRICT_PROTOTYPES = YES;
				CLANG_WARN_SUSPICIOUS_MOVE = YES;
				CLANG_WARN_UNGUARDED_AVAILABILITY = YES_AGGRESSIVE;
				CLANG_WARN_UNREACHABLE_CODE = YES;
				CLANG_WARN__DUPLICATE_METHOD_MATCH = YES;
				COPY_PHASE_STRIP = NO;
				DEBUG_INFORMATION_FORMAT = dwarf;
				ENABLE_STRICT_OBJC_MSGSEND = YES;
				ENABLE_TESTABILITY = YES;
				GCC_C_LANGUAGE_STANDARD = gnu11;
				GCC_DYNAMIC_NO_PIC = NO;
				GCC_NO_COMMON_BLOCKS = YES;
				GCC_OPTIMIZATION_LEVEL = 0;
				GCC_PREPROCESSOR_DEFINITIONS = (
					"DEBUG=1",
					"$(inherited)",
				);
				GCC_WARN_64_TO_32_BIT_CONVERSION = YES;
				GCC_WARN_ABOUT_RETURN_TYPE = YES_ERROR;
				GCC_WARN_UNDECLARED_SELECTOR = YES;
				GCC_WARN_UNINITIALIZED_AUTOS = YES_AGGRESSIVE;
				GCC_WARN_UNUSED_FUNCTION = YES;
				GCC_WARN_UNUSED_VARIABLE = YES;
				IPHONEOS_DEPLOYMENT_TARGET = 16.4;
				MTL_ENABLE_DEBUG_INFO = INCLUDE_SOURCE;
				MTL_FAST_MATH = YES;
				ONLY_ACTIVE_ARCH = YES;
				SDKROOT = iphoneos;
				SWIFT_ACTIVE_COMPILATION_CONDITIONS = DEBUG;
				SWIFT_OPTIMIZATION_LEVEL = "-Onone";
			};
			name = Debug;
		};
		C39A8C7E2A3586F300F9E9D0 /* Release */ = {
			isa = XCBuildConfiguration;
			buildSettings = {
				ALWAYS_SEARCH_USER_PATHS = NO;
				CLANG_ANALYZER_NONNULL = YES;
				CLANG_ANALYZER_NUMBER_OBJECT_CONVERSION = YES_AGGRESSIVE;
				CLANG_CXX_LANGUAGE_STANDARD = "gnu++20";
				CLANG_ENABLE_MODULES = YES;
				CLANG_ENABLE_OBJC_ARC = YES;
				CLANG_ENABLE_OBJC_WEAK = YES;
				CLANG_WARN_BLOCK_CAPTURE_AUTORELEASING = YES;
				CLANG_WARN_BOOL_CONVERSION = YES;
				CLANG_WARN_COMMA = YES;
				CLANG_WARN_CONSTANT_CONVERSION = YES;
				CLANG_WARN_DEPRECATED_OBJC_IMPLEMENTATIONS = YES;
				CLANG_WARN_DIRECT_OBJC_ISA_USAGE = YES_ERROR;
				CLANG_WARN_DOCUMENTATION_COMMENTS = YES;
				CLANG_WARN_EMPTY_BODY = YES;
				CLANG_WARN_ENUM_CONVERSION = YES;
				CLANG_WARN_INFINITE_RECURSION = YES;
				CLANG_WARN_INT_CONVERSION = YES;
				CLANG_WARN_NON_LITERAL_NULL_CONVERSION = YES;
				CLANG_WARN_OBJC_IMPLICIT_RETAIN_SELF = YES;
				CLANG_WARN_OBJC_LITERAL_CONVERSION = YES;
				CLANG_WARN_OBJC_ROOT_CLASS = YES_ERROR;
				CLANG_WARN_QUOTED_INCLUDE_IN_FRAMEWORK_HEADER = YES;
				CLANG_WARN_RANGE_LOOP_ANALYSIS = YES;
				CLANG_WARN_STRICT_PROTOTYPES = YES;
				CLANG_WARN_SUSPICIOUS_MOVE = YES;
				CLANG_WARN_UNGUARDED_AVAILABILITY = YES_AGGRESSIVE;
				CLANG_WARN_UNREACHABLE_CODE = YES;
				CLANG_WARN__DUPLICATE_METHOD_MATCH = YES;
				COPY_PHASE_STRIP = NO;
				DEBUG_INFORMATION_FORMAT = "dwarf-with-dsym";
				ENABLE_NS_ASSERTIONS = NO;
				ENABLE_STRICT_OBJC_MSGSEND = YES;
				GCC_C_LANGUAGE_STANDARD = gnu11;
				GCC_NO_COMMON_BLOCKS = YES;
				GCC_WARN_64_TO_32_BIT_CONVERSION = YES;
				GCC_WARN_ABOUT_RETURN_TYPE = YES_ERROR;
				GCC_WARN_UNDECLARED_SELECTOR = YES;
				GCC_WARN_UNINITIALIZED_AUTOS = YES_AGGRESSIVE;
				GCC_WARN_UNUSED_FUNCTION = YES;
				GCC_WARN_UNUSED_VARIABLE = YES;
				IPHONEOS_DEPLOYMENT_TARGET = 16.4;
				MTL_ENABLE_DEBUG_INFO = NO;
				MTL_FAST_MATH = YES;
				SDKROOT = iphoneos;
				SWIFT_COMPILATION_MODE = wholemodule;
				SWIFT_OPTIMIZATION_LEVEL = "-O";
				VALIDATE_PRODUCT = YES;
			};
			name = Release;
		};
		C39A8C802A3586F300F9E9D0 /* Debug */ = {
			isa = XCBuildConfiguration;
			buildSettings = {
				ASSETCATALOG_COMPILER_APPICON_NAME = AppIcon;
				ASSETCATALOG_COMPILER_GLOBAL_ACCENT_COLOR_NAME = AccentColor;
				CODE_SIGN_STYLE = Automatic;
				CURRENT_PROJECT_VERSION = 1;
				GENERATE_INFOPLIST_FILE = YES;
				INFOPLIST_FILE = "Egg Timer/Info.plist";
				INFOPLIST_KEY_UIApplicationSupportsIndirectInputEvents = YES;
				INFOPLIST_KEY_UILaunchStoryboardName = LaunchScreen;
				INFOPLIST_KEY_UIMainStoryboardFile = Main;
				INFOPLIST_KEY_UISupportedInterfaceOrientations_iPad = "UIInterfaceOrientationPortrait UIInterfaceOrientationPortraitUpsideDown UIInterfaceOrientationLandscapeLeft UIInterfaceOrientationLandscapeRight";
				INFOPLIST_KEY_UISupportedInterfaceOrientations_iPhone = "UIInterfaceOrientationPortrait UIInterfaceOrientationLandscapeLeft UIInterfaceOrientationLandscapeRight";
				LD_RUNPATH_SEARCH_PATHS = (
					"$(inherited)",
					"@executable_path/Frameworks",
				);
				MARKETING_VERSION = 1.0;
				PRODUCT_BUNDLE_IDENTIFIER = "tin.learn.Egg-Timer";
				PRODUCT_NAME = "$(TARGET_NAME)";
				SWIFT_EMIT_LOC_STRINGS = YES;
				SWIFT_VERSION = 5.0;
				TARGETED_DEVICE_FAMILY = "1,2";
			};
			name = Debug;
		};
		C39A8C812A3586F300F9E9D0 /* Release */ = {
			isa = XCBuildConfiguration;
			buildSettings = {
				ASSETCATALOG_COMPILER_APPICON_NAME = AppIcon;
				ASSETCATALOG_COMPILER_GLOBAL_ACCENT_COLOR_NAME = AccentColor;
				CODE_SIGN_STYLE = Automatic;
				CURRENT_PROJECT_VERSION = 1;
				GENERATE_INFOPLIST_FILE = YES;
				INFOPLIST_FILE = "Egg Timer/Info.plist";
				INFOPLIST_KEY_UIApplicationSupportsIndirectInputEvents = YES;
				INFOPLIST_KEY_UILaunchStoryboardName = LaunchScreen;
				INFOPLIST_KEY_UIMainStoryboardFile = Main;
				INFOPLIST_KEY_UISupportedInterfaceOrientations_iPad = "UIInterfaceOrientationPortrait UIInterfaceOrientationPortraitUpsideDown UIInterfaceOrientationLandscapeLeft UIInterfaceOrientationLandscapeRight";
				INFOPLIST_KEY_UISupportedInterfaceOrientations_iPhone = "UIInterfaceOrientationPortrait UIInterfaceOrientationLandscapeLeft UIInterfaceOrientationLandscapeRight";
				LD_RUNPATH_SEARCH_PATHS = (
					"$(inherited)",
					"@executable_path/Frameworks",
				);
				MARKETING_VERSION = 1.0;
				PRODUCT_BUNDLE_IDENTIFIER = "tin.learn.Egg-Timer";
				PRODUCT_NAME = "$(TARGET_NAME)";
				SWIFT_EMIT_LOC_STRINGS = YES;
				SWIFT_VERSION = 5.0;
				TARGETED_DEVICE_FAMILY = "1,2";
			};
			name = Release;
		};
		C39A8C832A3586F300F9E9D0 /* Debug */ = {
			isa = XCBuildConfiguration;
			buildSettings = {
				ALWAYS_EMBED_SWIFT_STANDARD_LIBRARIES = YES;
				BUNDLE_LOADER = "$(TEST_HOST)";
				CODE_SIGN_STYLE = Automatic;
				CURRENT_PROJECT_VERSION = 1;
				GENERATE_INFOPLIST_FILE = YES;
				IPHONEOS_DEPLOYMENT_TARGET = 16.4;
				MARKETING_VERSION = 1.0;
				PRODUCT_BUNDLE_IDENTIFIER = "tin.learn.Egg-TimerTests";
				PRODUCT_NAME = "$(TARGET_NAME)";
				SWIFT_EMIT_LOC_STRINGS = NO;
				SWIFT_VERSION = 5.0;
				TARGETED_DEVICE_FAMILY = "1,2";
				TEST_HOST = "$(BUILT_PRODUCTS_DIR)/Egg Timer.app/$(BUNDLE_EXECUTABLE_FOLDER_PATH)/Egg Timer";
			};
			name = Debug;
		};
		C39A8C842A3586F300F9E9D0 /* Release */ = {
			isa = XCBuildConfiguration;
			buildSettings = {
				ALWAYS_EMBED_SWIFT_STANDARD_LIBRARIES = YES;
				BUNDLE_LOADER = "$(TEST_HOST)";
				CODE_SIGN_STYLE = Automatic;
				CURRENT_PROJECT_VERSION = 1;
				GENERATE_INFOPLIST_FILE = YES;
				IPHONEOS_DEPLOYMENT_TARGET = 16.4;
				MARKETING_VERSION = 1.0;
				PRODUCT_BUNDLE_IDENTIFIER = "tin.learn.Egg-TimerTests";
				PRODUCT_NAME = "$(TARGET_NAME)";
				SWIFT_EMIT_LOC_STRINGS = NO;
				SWIFT_VERSION = 5.0;
				TARGETED_DEVICE_FAMILY = "1,2";
				TEST_HOST = "$(BUILT_PRODUCTS_DIR)/Egg Timer.app/$(BUNDLE_EXECUTABLE_FOLDER_PATH)/Egg Timer";
			};
			name = Release;
		};
		C39A8C862A3586F300F9E9D0 /* Debug */ = {
			isa = XCBuildConfiguration;
			buildSettings = {
				ALWAYS_EMBED_SWIFT_STANDARD_LIBRARIES = YES;
				CODE_SIGN_STYLE = Automatic;
				CURRENT_PROJECT_VERSION = 1;
				GENERATE_INFOPLIST_FILE = YES;
				MARKETING_VERSION = 1.0;
				PRODUCT_BUNDLE_IDENTIFIER = "tin.learn.Egg-TimerUITests";
				PRODUCT_NAME = "$(TARGET_NAME)";
				SWIFT_EMIT_LOC_STRINGS = NO;
				SWIFT_VERSION = 5.0;
				TARGETED_DEVICE_FAMILY = "1,2";
				TEST_TARGET_NAME = "Egg Timer";
			};
			name = Debug;
		};
		C39A8C872A3586F300F9E9D0 /* Release */ = {
			isa = XCBuildConfiguration;
			buildSettings = {
				ALWAYS_EMBED_SWIFT_STANDARD_LIBRARIES = YES;
				CODE_SIGN_STYLE = Automatic;
				CURRENT_PROJECT_VERSION = 1;
				GENERATE_INFOPLIST_FILE = YES;
				MARKETING_VERSION = 1.0;
				PRODUCT_BUNDLE_IDENTIFIER = "tin.learn.Egg-TimerUITests";
				PRODUCT_NAME = "$(TARGET_NAME)";
				SWIFT_EMIT_LOC_STRINGS = NO;
				SWIFT_VERSION = 5.0;
				TARGETED_DEVICE_FAMILY = "1,2";
				TEST_TARGET_NAME = "Egg Timer";
			};
			name = Release;
		};
/* End XCBuildConfiguration section */

/* Begin XCConfigurationList section */
		C39A8C502A3586F000F9E9D0 /* Build configuration list for PBXProject "Egg Timer" */ = {
			isa = XCConfigurationList;
			buildConfigurations = (
				C39A8C7D2A3586F300F9E9D0 /* Debug */,
				C39A8C7E2A3586F300F9E9D0 /* Release */,
			);
			defaultConfigurationIsVisible = 0;
			defaultConfigurationName = Release;
		};
		C39A8C7F2A3586F300F9E9D0 /* Build configuration list for PBXNativeTarget "Egg Timer" */ = {
			isa = XCConfigurationList;
			buildConfigurations = (
				C39A8C802A3586F300F9E9D0 /* Debug */,
				C39A8C812A3586F300F9E9D0 /* Release */,
			);
			defaultConfigurationIsVisible = 0;
			defaultConfigurationName = Release;
		};
		C39A8C822A3586F300F9E9D0 /* Build configuration list for PBXNativeTarget "Egg TimerTests" */ = {
			isa = XCConfigurationList;
			buildConfigurations = (
				C39A8C832A3586F300F9E9D0 /* Debug */,
				C39A8C842A3586F300F9E9D0 /* Release */,
			);
			defaultConfigurationIsVisible = 0;
			defaultConfigurationName = Release;
		};
		C39A8C852A3586F300F9E9D0 /* Build configuration list for PBXNativeTarget "Egg TimerUITests" */ = {
			isa = XCConfigurationList;
			buildConfigurations = (
				C39A8C862A3586F300F9E9D0 /* Debug */,
				C39A8C872A3586F300F9E9D0 /* Release */,
			);
			defaultConfigurationIsVisible = 0;
			defaultConfigurationName = Release;
		};
/* End XCConfigurationList section */
	};
	rootObject = C39A8C4D2A3586F000F9E9D0 /* Project object */;
}
